// !$*UTF8*$!
{
	archiveVersion = 1;
	classes = {
	};
	objectVersion = 46;
	objects = {

/* Begin PBXBuildFile section */
		25160ECF1C29AB440038C033 /* ListWorkoutTableViewController.swift in Sources */ = {isa = PBXBuildFile; fileRef = 25160ECE1C29AB440038C033 /* ListWorkoutTableViewController.swift */; };
		25160ED11C29ABA70038C033 /* ListCategoriesTableViewController.swift in Sources */ = {isa = PBXBuildFile; fileRef = 25160ED01C29ABA70038C033 /* ListCategoriesTableViewController.swift */; };
		251E99EE1B7D5824000AFB18 /* EditTableViewController.swift in Sources */ = {isa = PBXBuildFile; fileRef = 251E99ED1B7D5824000AFB18 /* EditTableViewController.swift */; };
		256555BD1B7C701500C92993 /* AddDetailTableViewController.swift in Sources */ = {isa = PBXBuildFile; fileRef = 256555BC1B7C701500C92993 /* AddDetailTableViewController.swift */; };
		256DFDD41B70A2AE00416A7E /* WorkoutsTableViewController.swift in Sources */ = {isa = PBXBuildFile; fileRef = 256DFDD31B70A2AE00416A7E /* WorkoutsTableViewController.swift */; };
		2572EC981B7A8AE900F368A0 /* BodyStatsTableViewController.swift in Sources */ = {isa = PBXBuildFile; fileRef = 2572EC971B7A8AE900F368A0 /* BodyStatsTableViewController.swift */; };
		257480321C247B92003959F4 /* Model.xcdatamodeld in Sources */ = {isa = PBXBuildFile; fileRef = 257480301C247B92003959F4 /* Model.xcdatamodeld */; };
		257480351C247BCD003959F4 /* Stats+CoreDataProperties.swift in Sources */ = {isa = PBXBuildFile; fileRef = 257480331C247BCD003959F4 /* Stats+CoreDataProperties.swift */; };
		257480361C247BCD003959F4 /* Stats.swift in Sources */ = {isa = PBXBuildFile; fileRef = 257480341C247BCD003959F4 /* Stats.swift */; };
		2574803A1C24F1C5003959F4 /* DataController.swift in Sources */ = {isa = PBXBuildFile; fileRef = 257480391C24F1C5003959F4 /* DataController.swift */; };
		25749A521B5AB5A900FCEEEE /* AppDelegate.swift in Sources */ = {isa = PBXBuildFile; fileRef = 25749A511B5AB5A900FCEEEE /* AppDelegate.swift */; };
		25749A571B5AB5A900FCEEEE /* Main.storyboard in Resources */ = {isa = PBXBuildFile; fileRef = 25749A551B5AB5A900FCEEEE /* Main.storyboard */; };
		25749A591B5AB5A900FCEEEE /* Images.xcassets in Resources */ = {isa = PBXBuildFile; fileRef = 25749A581B5AB5A900FCEEEE /* Images.xcassets */; };
		25749A5C1B5AB5A900FCEEEE /* LaunchScreen.xib in Resources */ = {isa = PBXBuildFile; fileRef = 25749A5A1B5AB5A900FCEEEE /* LaunchScreen.xib */; };
		25749A681B5AB5AA00FCEEEE /* MyPerformanceTests.swift in Sources */ = {isa = PBXBuildFile; fileRef = 25749A671B5AB5AA00FCEEEE /* MyPerformanceTests.swift */; };
		25BC41821C27353C00358523 /* LogViewController.swift in Sources */ = {isa = PBXBuildFile; fileRef = 25BC41811C27353C00358523 /* LogViewController.swift */; };
		25E0BBC11B5D38610015349E /* CreateWorkoutViewController.swift in Sources */ = {isa = PBXBuildFile; fileRef = 25E0BBC01B5D38610015349E /* CreateWorkoutViewController.swift */; };
/* End PBXBuildFile section */

/* Begin PBXContainerItemProxy section */
		25749A621B5AB5A900FCEEEE /* PBXContainerItemProxy */ = {
			isa = PBXContainerItemProxy;
			containerPortal = 25749A441B5AB5A900FCEEEE /* Project object */;
			proxyType = 1;
			remoteGlobalIDString = 25749A4B1B5AB5A900FCEEEE;
			remoteInfo = MyPerformance;
		};
/* End PBXContainerItemProxy section */

/* Begin PBXFileReference section */
		25160ECE1C29AB440038C033 /* ListWorkoutTableViewController.swift */ = {isa = PBXFileReference; fileEncoding = 4; lastKnownFileType = sourcecode.swift; path = ListWorkoutTableViewController.swift; sourceTree = "<group>"; };
		25160ED01C29ABA70038C033 /* ListCategoriesTableViewController.swift */ = {isa = PBXFileReference; fileEncoding = 4; lastKnownFileType = sourcecode.swift; path = ListCategoriesTableViewController.swift; sourceTree = "<group>"; };
		251E99ED1B7D5824000AFB18 /* EditTableViewController.swift */ = {isa = PBXFileReference; fileEncoding = 4; lastKnownFileType = sourcecode.swift; path = EditTableViewController.swift; sourceTree = "<group>"; };
		256555BC1B7C701500C92993 /* AddDetailTableViewController.swift */ = {isa = PBXFileReference; fileEncoding = 4; lastKnownFileType = sourcecode.swift; path = AddDetailTableViewController.swift; sourceTree = "<group>"; };
		256DFDD31B70A2AE00416A7E /* WorkoutsTableViewController.swift */ = {isa = PBXFileReference; fileEncoding = 4; lastKnownFileType = sourcecode.swift; path = WorkoutsTableViewController.swift; sourceTree = "<group>"; };
		2572EC971B7A8AE900F368A0 /* BodyStatsTableViewController.swift */ = {isa = PBXFileReference; fileEncoding = 4; lastKnownFileType = sourcecode.swift; path = BodyStatsTableViewController.swift; sourceTree = "<group>"; };
		257480311C247B92003959F4 /* Model.xcdatamodel */ = {isa = PBXFileReference; lastKnownFileType = wrapper.xcdatamodel; path = Model.xcdatamodel; sourceTree = "<group>"; };
		257480331C247BCD003959F4 /* Stats+CoreDataProperties.swift */ = {isa = PBXFileReference; fileEncoding = 4; lastKnownFileType = sourcecode.swift; path = "Stats+CoreDataProperties.swift"; sourceTree = "<group>"; };
		257480341C247BCD003959F4 /* Stats.swift */ = {isa = PBXFileReference; fileEncoding = 4; lastKnownFileType = sourcecode.swift; path = Stats.swift; sourceTree = "<group>"; };
		257480391C24F1C5003959F4 /* DataController.swift */ = {isa = PBXFileReference; fileEncoding = 4; lastKnownFileType = sourcecode.swift; path = DataController.swift; sourceTree = "<group>"; };
		25749A4C1B5AB5A900FCEEEE /* MyPerformance.app */ = {isa = PBXFileReference; explicitFileType = wrapper.application; includeInIndex = 0; path = MyPerformance.app; sourceTree = BUILT_PRODUCTS_DIR; };
		25749A501B5AB5A900FCEEEE /* Info.plist */ = {isa = PBXFileReference; lastKnownFileType = text.plist.xml; path = Info.plist; sourceTree = "<group>"; };
		25749A511B5AB5A900FCEEEE /* AppDelegate.swift */ = {isa = PBXFileReference; lastKnownFileType = sourcecode.swift; path = AppDelegate.swift; sourceTree = "<group>"; };
		25749A561B5AB5A900FCEEEE /* Base */ = {isa = PBXFileReference; lastKnownFileType = file.storyboard; name = Base; path = Base.lproj/Main.storyboard; sourceTree = "<group>"; };
		25749A581B5AB5A900FCEEEE /* Images.xcassets */ = {isa = PBXFileReference; lastKnownFileType = folder.assetcatalog; path = Images.xcassets; sourceTree = "<group>"; };
		25749A5B1B5AB5A900FCEEEE /* Base */ = {isa = PBXFileReference; lastKnownFileType = file.xib; name = Base; path = Base.lproj/LaunchScreen.xib; sourceTree = "<group>"; };
		25749A611B5AB5A900FCEEEE /* MyPerformanceTests.xctest */ = {isa = PBXFileReference; explicitFileType = wrapper.cfbundle; includeInIndex = 0; path = MyPerformanceTests.xctest; sourceTree = BUILT_PRODUCTS_DIR; };
		25749A661B5AB5AA00FCEEEE /* Info.plist */ = {isa = PBXFileReference; lastKnownFileType = text.plist.xml; path = Info.plist; sourceTree = "<group>"; };
		25749A671B5AB5AA00FCEEEE /* MyPerformanceTests.swift */ = {isa = PBXFileReference; lastKnownFileType = sourcecode.swift; path = MyPerformanceTests.swift; sourceTree = "<group>"; };
		25BC41811C27353C00358523 /* LogViewController.swift */ = {isa = PBXFileReference; fileEncoding = 4; lastKnownFileType = sourcecode.swift; path = LogViewController.swift; sourceTree = "<group>"; };
		25E0BBC01B5D38610015349E /* CreateWorkoutViewController.swift */ = {isa = PBXFileReference; fileEncoding = 4; lastKnownFileType = sourcecode.swift; name = CreateWorkoutViewController.swift; path = MyPerformance.xcodeproj/../CreateWorkoutViewController.swift; sourceTree = SOURCE_ROOT; };
/* End PBXFileReference section */

/* Begin PBXFrameworksBuildPhase section */
		25749A491B5AB5A900FCEEEE /* Frameworks */ = {
			isa = PBXFrameworksBuildPhase;
			buildActionMask = 2147483647;
			files = (
			);
			runOnlyForDeploymentPostprocessing = 0;
		};
		25749A5E1B5AB5A900FCEEEE /* Frameworks */ = {
			isa = PBXFrameworksBuildPhase;
			buildActionMask = 2147483647;
			files = (
			);
			runOnlyForDeploymentPostprocessing = 0;
		};
/* End PBXFrameworksBuildPhase section */

/* Begin PBXGroup section */
		25749A431B5AB5A900FCEEEE = {
			isa = PBXGroup;
			children = (
				257480331C247BCD003959F4 /* Stats+CoreDataProperties.swift */,
				257480341C247BCD003959F4 /* Stats.swift */,
				25749A4E1B5AB5A900FCEEEE /* MyPerformance */,
				25749A641B5AB5A900FCEEEE /* MyPerformanceTests */,
				25749A4D1B5AB5A900FCEEEE /* Products */,
			);
			sourceTree = "<group>";
		};
		25749A4D1B5AB5A900FCEEEE /* Products */ = {
			isa = PBXGroup;
			children = (
				25749A4C1B5AB5A900FCEEEE /* MyPerformance.app */,
				25749A611B5AB5A900FCEEEE /* MyPerformanceTests.xctest */,
			);
			name = Products;
			sourceTree = "<group>";
		};
		25749A4E1B5AB5A900FCEEEE /* MyPerformance */ = {
			isa = PBXGroup;
			children = (
				25749A511B5AB5A900FCEEEE /* AppDelegate.swift */,
				25E0BBC01B5D38610015349E /* CreateWorkoutViewController.swift */,
				25749A551B5AB5A900FCEEEE /* Main.storyboard */,
				25749A581B5AB5A900FCEEEE /* Images.xcassets */,
				25749A5A1B5AB5A900FCEEEE /* LaunchScreen.xib */,
				25749A4F1B5AB5A900FCEEEE /* Supporting Files */,
				256DFDD31B70A2AE00416A7E /* WorkoutsTableViewController.swift */,
				2572EC971B7A8AE900F368A0 /* BodyStatsTableViewController.swift */,
				256555BC1B7C701500C92993 /* AddDetailTableViewController.swift */,
				251E99ED1B7D5824000AFB18 /* EditTableViewController.swift */,
				257480301C247B92003959F4 /* Model.xcdatamodeld */,
				257480391C24F1C5003959F4 /* DataController.swift */,
				25BC41811C27353C00358523 /* LogViewController.swift */,
				25160ECE1C29AB440038C033 /* ListWorkoutTableViewController.swift */,
				25160ED01C29ABA70038C033 /* ListCategoriesTableViewController.swift */,
			);
			path = MyPerformance;
			sourceTree = "<group>";
		};
		25749A4F1B5AB5A900FCEEEE /* Supporting Files */ = {
			isa = PBXGroup;
			children = (
				25749A501B5AB5A900FCEEEE /* Info.plist */,
			);
			name = "Supporting Files";
			sourceTree = "<group>";
		};
		25749A641B5AB5A900FCEEEE /* MyPerformanceTests */ = {
			isa = PBXGroup;
			children = (
				25749A671B5AB5AA00FCEEEE /* MyPerformanceTests.swift */,
				25749A651B5AB5AA00FCEEEE /* Supporting Files */,
			);
			path = MyPerformanceTests;
			sourceTree = "<group>";
		};
		25749A651B5AB5AA00FCEEEE /* Supporting Files */ = {
			isa = PBXGroup;
			children = (
				25749A661B5AB5AA00FCEEEE /* Info.plist */,
			);
			name = "Supporting Files";
			sourceTree = "<group>";
		};
/* End PBXGroup section */

/* Begin PBXNativeTarget section */
		25749A4B1B5AB5A900FCEEEE /* MyPerformance */ = {
			isa = PBXNativeTarget;
			buildConfigurationList = 25749A6B1B5AB5AA00FCEEEE /* Build configuration list for PBXNativeTarget "MyPerformance" */;
			buildPhases = (
				25749A481B5AB5A900FCEEEE /* Sources */,
				25749A491B5AB5A900FCEEEE /* Frameworks */,
				25749A4A1B5AB5A900FCEEEE /* Resources */,
			);
			buildRules = (
			);
			dependencies = (
			);
			name = MyPerformance;
			productName = MyPerformance;
			productReference = 25749A4C1B5AB5A900FCEEEE /* MyPerformance.app */;
			productType = "com.apple.product-type.application";
		};
		25749A601B5AB5A900FCEEEE /* MyPerformanceTests */ = {
			isa = PBXNativeTarget;
			buildConfigurationList = 25749A6E1B5AB5AA00FCEEEE /* Build configuration list for PBXNativeTarget "MyPerformanceTests" */;
			buildPhases = (
				25749A5D1B5AB5A900FCEEEE /* Sources */,
				25749A5E1B5AB5A900FCEEEE /* Frameworks */,
				25749A5F1B5AB5A900FCEEEE /* Resources */,
			);
			buildRules = (
			);
			dependencies = (
				25749A631B5AB5A900FCEEEE /* PBXTargetDependency */,
			);
			name = MyPerformanceTests;
			productName = MyPerformanceTests;
			productReference = 25749A611B5AB5A900FCEEEE /* MyPerformanceTests.xctest */;
			productType = "com.apple.product-type.bundle.unit-test";
		};
/* End PBXNativeTarget section */

/* Begin PBXProject section */
		25749A441B5AB5A900FCEEEE /* Project object */ = {
			isa = PBXProject;
			attributes = {
				LastSwiftMigration = 0710;
				LastSwiftUpdateCheck = 0710;
				LastUpgradeCheck = 0630;
				ORGANIZATIONNAME = "Romain BRUNIE";
				TargetAttributes = {
					25749A4B1B5AB5A900FCEEEE = {
						CreatedOnToolsVersion = 6.3.2;
					};
					25749A601B5AB5A900FCEEEE = {
						CreatedOnToolsVersion = 6.3.2;
						TestTargetID = 25749A4B1B5AB5A900FCEEEE;
					};
				};
			};
			buildConfigurationList = 25749A471B5AB5A900FCEEEE /* Build configuration list for PBXProject "MyPerformance" */;
			compatibilityVersion = "Xcode 3.2";
			developmentRegion = English;
			hasScannedForEncodings = 0;
			knownRegions = (
				en,
				Base,
			);
			mainGroup = 25749A431B5AB5A900FCEEEE;
			productRefGroup = 25749A4D1B5AB5A900FCEEEE /* Products */;
			projectDirPath = "";
			projectRoot = "";
			targets = (
				25749A4B1B5AB5A900FCEEEE /* MyPerformance */,
				25749A601B5AB5A900FCEEEE /* MyPerformanceTests */,
			);
		};
/* End PBXProject section */

/* Begin PBXResourcesBuildPhase section */
		25749A4A1B5AB5A900FCEEEE /* Resources */ = {
			isa = PBXResourcesBuildPhase;
			buildActionMask = 2147483647;
			files = (
				25749A571B5AB5A900FCEEEE /* Main.storyboard in Resources */,
				25749A5C1B5AB5A900FCEEEE /* LaunchScreen.xib in Resources */,
				25749A591B5AB5A900FCEEEE /* Images.xcassets in Resources */,
			);
			runOnlyForDeploymentPostprocessing = 0;
		};
		25749A5F1B5AB5A900FCEEEE /* Resources */ = {
			isa = PBXResourcesBuildPhase;
			buildActionMask = 2147483647;
			files = (
			);
			runOnlyForDeploymentPostprocessing = 0;
		};
/* End PBXResourcesBuildPhase section */

/* Begin PBXSourcesBuildPhase section */
		25749A481B5AB5A900FCEEEE /* Sources */ = {
			isa = PBXSourcesBuildPhase;
			buildActionMask = 2147483647;
			files = (
				25E0BBC11B5D38610015349E /* CreateWorkoutViewController.swift in Sources */,
				257480361C247BCD003959F4 /* Stats.swift in Sources */,
				251E99EE1B7D5824000AFB18 /* EditTableViewController.swift in Sources */,
				25BC41821C27353C00358523 /* LogViewController.swift in Sources */,
				256555BD1B7C701500C92993 /* AddDetailTableViewController.swift in Sources */,
				25160ECF1C29AB440038C033 /* ListWorkoutTableViewController.swift in Sources */,
				257480351C247BCD003959F4 /* Stats+CoreDataProperties.swift in Sources */,
				2574803A1C24F1C5003959F4 /* DataController.swift in Sources */,
				257480321C247B92003959F4 /* Model.xcdatamodeld in Sources */,
				2572EC981B7A8AE900F368A0 /* BodyStatsTableViewController.swift in Sources */,
				25160ED11C29ABA70038C033 /* ListCategoriesTableViewController.swift in Sources */,
				256DFDD41B70A2AE00416A7E /* WorkoutsTableViewController.swift in Sources */,
				25749A521B5AB5A900FCEEEE /* AppDelegate.swift in Sources */,
			);
			runOnlyForDeploymentPostprocessing = 0;
		};
		25749A5D1B5AB5A900FCEEEE /* Sources */ = {
			isa = PBXSourcesBuildPhase;
			buildActionMask = 2147483647;
			files = (
				25749A681B5AB5AA00FCEEEE /* MyPerformanceTests.swift in Sources */,
			);
			runOnlyForDeploymentPostprocessing = 0;
		};
/* End PBXSourcesBuildPhase section */

/* Begin PBXTargetDependency section */
		25749A631B5AB5A900FCEEEE /* PBXTargetDependency */ = {
			isa = PBXTargetDependency;
			target = 25749A4B1B5AB5A900FCEEEE /* MyPerformance */;
			targetProxy = 25749A621B5AB5A900FCEEEE /* PBXContainerItemProxy */;
		};
/* End PBXTargetDependency section */

/* Begin PBXVariantGroup section */
		25749A551B5AB5A900FCEEEE /* Main.storyboard */ = {
			isa = PBXVariantGroup;
			children = (
				25749A561B5AB5A900FCEEEE /* Base */,
			);
			name = Main.storyboard;
			sourceTree = "<group>";
		};
		25749A5A1B5AB5A900FCEEEE /* LaunchScreen.xib */ = {
			isa = PBXVariantGroup;
			children = (
				25749A5B1B5AB5A900FCEEEE /* Base */,
			);
			name = LaunchScreen.xib;
			sourceTree = "<group>";
		};
/* End PBXVariantGroup section */

/* Begin XCBuildConfiguration section */
		25749A691B5AB5AA00FCEEEE /* Debug */ = {
			isa = XCBuildConfiguration;
			buildSettings = {
				ALWAYS_SEARCH_USER_PATHS = NO;
				CLANG_CXX_LANGUAGE_STANDARD = "gnu++0x";
				CLANG_CXX_LIBRARY = "libc++";
				CLANG_ENABLE_MODULES = YES;
				CLANG_ENABLE_OBJC_ARC = YES;
				CLANG_WARN_BOOL_CONVERSION = YES;
				CLANG_WARN_CONSTANT_CONVERSION = YES;
				CLANG_WARN_DIRECT_OBJC_ISA_USAGE = YES_ERROR;
				CLANG_WARN_EMPTY_BODY = YES;
				CLANG_WARN_ENUM_CONVERSION = YES;
				CLANG_WARN_INT_CONVERSION = YES;
				CLANG_WARN_OBJC_ROOT_CLASS = YES_ERROR;
				CLANG_WARN_UNREACHABLE_CODE = YES;
				CLANG_WARN__DUPLICATE_METHOD_MATCH = YES;
				"CODE_SIGN_IDENTITY[sdk=iphoneos*]" = "iPhone Developer";
				COPY_PHASE_STRIP = NO;
				DEBUG_INFORMATION_FORMAT = "dwarf-with-dsym";
				ENABLE_STRICT_OBJC_MSGSEND = YES;
				GCC_C_LANGUAGE_STANDARD = gnu99;
				GCC_DYNAMIC_NO_PIC = NO;
				GCC_NO_COMMON_BLOCKS = YES;
				GCC_OPTIMIZATION_LEVEL = 0;
				GCC_PREPROCESSOR_DEFINITIONS = (
					"DEBUG=1",
					"$(inherited)",
				);
				GCC_SYMBOLS_PRIVATE_EXTERN = NO;
				GCC_WARN_64_TO_32_BIT_CONVERSION = YES;
				GCC_WARN_ABOUT_RETURN_TYPE = YES_ERROR;
				GCC_WARN_UNDECLARED_SELECTOR = YES;
				GCC_WARN_UNINITIALIZED_AUTOS = YES_AGGRESSIVE;
				GCC_WARN_UNUSED_FUNCTION = YES;
				GCC_WARN_UNUSED_VARIABLE = YES;
				IPHONEOS_DEPLOYMENT_TARGET = 8.3;
				MTL_ENABLE_DEBUG_INFO = YES;
				ONLY_ACTIVE_ARCH = YES;
				SDKROOT = iphoneos;
				SWIFT_OPTIMIZATION_LEVEL = "-Onone";
				TARGETED_DEVICE_FAMILY = "1,2";
			};
			name = Debug;
		};
		25749A6A1B5AB5AA00FCEEEE /* Release */ = {
			isa = XCBuildConfiguration;
			buildSettings = {
				ALWAYS_SEARCH_USER_PATHS = NO;
				CLANG_CXX_LANGUAGE_STANDARD = "gnu++0x";
				CLANG_CXX_LIBRARY = "libc++";
				CLANG_ENABLE_MODULES = YES;
				CLANG_ENABLE_OBJC_ARC = YES;
				CLANG_WARN_BOOL_CONVERSION = YES;
				CLANG_WARN_CONSTANT_CONVERSION = YES;
				CLANG_WARN_DIRECT_OBJC_ISA_USAGE = YES_ERROR;
				CLANG_WARN_EMPTY_BODY = YES;
				CLANG_WARN_ENUM_CONVERSION = YES;
				CLANG_WARN_INT_CONVERSION = YES;
				CLANG_WARN_OBJC_ROOT_CLASS = YES_ERROR;
				CLANG_WARN_UNREACHABLE_CODE = YES;
				CLANG_WARN__DUPLICATE_METHOD_MATCH = YES;
				"CODE_SIGN_IDENTITY[sdk=iphoneos*]" = "iPhone Developer";
				COPY_PHASE_STRIP = NO;
				DEBUG_INFORMATION_FORMAT = "dwarf-with-dsym";
				ENABLE_NS_ASSERTIONS = NO;
				ENABLE_STRICT_OBJC_MSGSEND = YES;
				GCC_C_LANGUAGE_STANDARD = gnu99;
				GCC_NO_COMMON_BLOCKS = YES;
				GCC_WARN_64_TO_32_BIT_CONVERSION = YES;
				GCC_WARN_ABOUT_RETURN_TYPE = YES_ERROR;
				GCC_WARN_UNDECLARED_SELECTOR = YES;
				GCC_WARN_UNINITIALIZED_AUTOS = YES_AGGRESSIVE;
				GCC_WARN_UNUSED_FUNCTION = YES;
				GCC_WARN_UNUSED_VARIABLE = YES;
				IPHONEOS_DEPLOYMENT_TARGET = 8.3;
				MTL_ENABLE_DEBUG_INFO = NO;
				SDKROOT = iphoneos;
				TARGETED_DEVICE_FAMILY = "1,2";
				VALIDATE_PRODUCT = YES;
			};
			name = Release;
		};
		25749A6C1B5AB5AA00FCEEEE /* Debug */ = {
			isa = XCBuildConfiguration;
			buildSettings = {
				ASSETCATALOG_COMPILER_APPICON_NAME = AppIcon;
				CODE_SIGN_IDENTITY = "";
				INFOPLIST_FILE = MyPerformance/Info.plist;
				IPHONEOS_DEPLOYMENT_TARGET = 8.4;
				LD_RUNPATH_SEARCH_PATHS = "$(inherited) @executable_path/Frameworks";
				PRODUCT_NAME = "$(TARGET_NAME)";
			};
			name = Debug;
		};
		25749A6D1B5AB5AA00FCEEEE /* Release */ = {
			isa = XCBuildConfiguration;
			buildSettings = {
				ASSETCATALOG_COMPILER_APPICON_NAME = AppIcon;
				CODE_SIGN_IDENTITY = "";
				INFOPLIST_FILE = MyPerformance/Info.plist;
				IPHONEOS_DEPLOYMENT_TARGET = 8.4;
				LD_RUNPATH_SEARCH_PATHS = "$(inherited) @executable_path/Frameworks";
				PRODUCT_NAME = "$(TARGET_NAME)";
			};
			name = Release;
		};
		25749A6F1B5AB5AA00FCEEEE /* Debug */ = {
			isa = XCBuildConfiguration;
			buildSettings = {
				BUNDLE_LOADER = "$(TEST_HOST)";
				FRAMEWORK_SEARCH_PATHS = (
					"$(SDKROOT)/Developer/Library/Frameworks",
					"$(inherited)",
				);
				GCC_PREPROCESSOR_DEFINITIONS = (
					"DEBUG=1",
					"$(inherited)",
				);
				INFOPLIST_FILE = MyPerformanceTests/Info.plist;
				LD_RUNPATH_SEARCH_PATHS = "$(inherited) @executable_path/Frameworks @loader_path/Frameworks";
				PRODUCT_NAME = "$(TARGET_NAME)";
				TEST_HOST = "$(BUILT_PRODUCTS_DIR)/MyPerformance.app/MyPerformance";
			};
			name = Debug;
		};
		25749A701B5AB5AA00FCEEEE /* Release */ = {
			isa = XCBuildConfiguration;
			buildSettings = {
				BUNDLE_LOADER = "$(TEST_HOST)";
				FRAMEWORK_SEARCH_PATHS = (
					"$(SDKROOT)/Developer/Library/Frameworks",
					"$(inherited)",
				);
				INFOPLIST_FILE = MyPerformanceTests/Info.plist;
				LD_RUNPATH_SEARCH_PATHS = "$(inherited) @executable_path/Frameworks @loader_path/Frameworks";
				PRODUCT_NAME = "$(TARGET_NAME)";
				TEST_HOST = "$(BUILT_PRODUCTS_DIR)/MyPerformance.app/MyPerformance";
			};
			name = Release;
		};
/* End XCBuildConfiguration section */

/* Begin XCConfigurationList section */
		25749A471B5AB5A900FCEEEE /* Build configuration list for PBXProject "MyPerformance" */ = {
			isa = XCConfigurationList;
			buildConfigurations = (
				25749A691B5AB5AA00FCEEEE /* Debug */,
				25749A6A1B5AB5AA00FCEEEE /* Release */,
			);
			defaultConfigurationIsVisible = 0;
			defaultConfigurationName = Release;
		};
		25749A6B1B5AB5AA00FCEEEE /* Build configuration list for PBXNativeTarget "MyPerformance" */ = {
			isa = XCConfigurationList;
			buildConfigurations = (
				25749A6C1B5AB5AA00FCEEEE /* Debug */,
				25749A6D1B5AB5AA00FCEEEE /* Release */,
			);
			defaultConfigurationIsVisible = 0;
			defaultConfigurationName = Release;
		};
		25749A6E1B5AB5AA00FCEEEE /* Build configuration list for PBXNativeTarget "MyPerformanceTests" */ = {
			isa = XCConfigurationList;
			buildConfigurations = (
				25749A6F1B5AB5AA00FCEEEE /* Debug */,
				25749A701B5AB5AA00FCEEEE /* Release */,
			);
			defaultConfigurationIsVisible = 0;
			defaultConfigurationName = Release;
		};
/* End XCConfigurationList section */

/* Begin XCVersionGroup section */
		257480301C247B92003959F4 /* Model.xcdatamodeld */ = {
			isa = XCVersionGroup;
			children = (
				257480311C247B92003959F4 /* Model.xcdatamodel */,
			);
			currentVersion = 257480311C247B92003959F4 /* Model.xcdatamodel */;
			path = Model.xcdatamodeld;
			sourceTree = "<group>";
			versionGroupType = wrapper.xcdatamodel;
		};
/* End XCVersionGroup section */
	};
	rootObject = 25749A441B5AB5A900FCEEEE /* Project object */;
}
